
Microsoft Visual Studio Solution File, Format Version 12.00
# Visual Studio 15
VisualStudioVersion = 15.0.28306.52
MinimumVisualStudioVersion = 10.0.40219.1
Project("{FAE04EC0-301F-11D3-BF4B-00C04F79EFBC}") = "WebClashServer", "WebClashServer.csproj", "{CC27788D-BD5A-4C44-A0E8-CE75869A71A3}"
EndProject
Global
	GlobalSection(SolutionConfigurationPlatforms) = preSolution
		Debug|Any CPU = Debug|Any CPU
		Release|Any CPU = Release|Any CPU
	EndGlobalSection
	GlobalSection(ProjectConfigurationPlatforms) = postSolution
		{CC27788D-BD5A-4C44-A0E8-CE75869A71A3}.Debug|Any CPU.ActiveCfg = Debug|Any CPU
		{CC27788D-BD5A-4C44-A0E8-CE75869A71A3}.Debug|Any CPU.Build.0 = Debug|Any CPU
		{CC27788D-BD5A-4C44-A0E8-CE75869A71A3}.Release|Any CPU.ActiveCfg = Release|Any CPU
		{CC27788D-BD5A-4C44-A0E8-CE75869A71A3}.Release|Any CPU.Build.0 = Release|Any CPU
	EndGlobalSection
	GlobalSection(SolutionProperties) = preSolution
		HideSolutionNode = FALSE
	EndGlobalSection
	GlobalSection(ExtensibilityGlobals) = postSolution
		SolutionGuid = {36395828-AAF9-4E04-B55D-70B7EE2FF4C6}
	EndGlobalSection
EndGlobal
